<?xml version="1.0" encoding="utf-8"?>
<Project ToolsVersion="4.0" xmlns="http://schemas.microsoft.com/developer/msbuild/2003">
  <ItemGroup>
    <Filter Include="Framework">
      <UniqueIdentifier>{4FC737F1-C7A5-4376-A066-2A32D752A2FF}</UniqueIdentifier>
      <Extensions>cpp;c;cc;cxx;c++;cppm;ixx;def;odl;idl;hpj;bat;asm;asmx</Extensions>
    </Filter>
    <Filter Include="Gameplay">
      <UniqueIdentifier>{bd6518c3-58c8-4aec-b825-b5b5e267af61}</UniqueIdentifier>
    </Filter>
    <Filter Include="ParticleEffects">
      <UniqueIdentifier>{46e6b264-bb5a-4e21-b4e9-41ef9e9a0a9a}</UniqueIdentifier>
    </Filter>
    <Filter Include="SaveEffects">
      <UniqueIdentifier>{995c7218-da57-40d0-978d-1e225ed340fb}</UniqueIdentifier>
    </Filter>
    <Filter Include="Shaders">
      <UniqueIdentifier>{9d24c7e0-0787-47fa-85a3-2f40005b227e}</UniqueIdentifier>
    </Filter>
    <Filter Include="Gameplay\Scenes">
      <UniqueIdentifier>{6317e958-c8ff-48a4-bcf8-a8c100b63341}</UniqueIdentifier>
    </Filter>
  </ItemGroup>
  <ItemGroup>
    <ClCompile Include="Main_Windows.cpp">
      <Filter>Framework</Filter>
    </ClCompile>
    <ClCompile Include="App.cpp">
      <Filter>Gameplay</Filter>
    </ClCompile>
    <ClCompile Include="Game.cpp">
      <Filter>Gameplay</Filter>
    </ClCompile>
    <ClCompile Include="Entity.cpp">
      <Filter>Gameplay</Filter>
    </ClCompile>
    <ClCompile Include="GameCommon.cpp">
      <Filter>Gameplay</Filter>
    </ClCompile>
    <ClCompile Include="Player.cpp">
      <Filter>Gameplay</Filter>
    </ClCompile>
    <ClCompile Include="Prop.cpp">
      <Filter>Gameplay</Filter>
    </ClCompile>
    <ClCompile Include="TankProjectile.cpp">
      <Filter>Gameplay</Filter>
    </ClCompile>
    <ClCompile Include="Model.cpp">
      <Filter>Gameplay</Filter>
    </ClCompile>
    <ClCompile Include="StartScene.cpp">
      <Filter>Gameplay\Scenes</Filter>
    </ClCompile>
    <ClCompile Include="FireScene.cpp">
      <Filter>Gameplay\Scenes</Filter>
    </ClCompile>
    <ClCompile Include="TankScene.cpp">
      <Filter>Gameplay\Scenes</Filter>
    </ClCompile>
    <ClCompile Include="BigEffectScene.cpp">
      <Filter>Gameplay\Scenes</Filter>
    </ClCompile>
    <ClCompile Include="PerformanceScene.cpp">
      <Filter>Gameplay\Scenes</Filter>
    </ClCompile>
    <ClCompile Include="Scene.cpp">
      <Filter>Gameplay\Scenes</Filter>
    </ClCompile>
    <ClCompile Include="EffectScene.cpp">
      <Filter>Framework</Filter>
    </ClCompile>
    <ClCompile Include="ParticleEntity.cpp">
      <Filter>Gameplay</Filter>
    </ClCompile>
  </ItemGroup>
  <ItemGroup>
    <ClInclude Include="App.hpp">
      <Filter>Gameplay</Filter>
    </ClInclude>
    <ClInclude Include="Game.hpp">
      <Filter>Gameplay</Filter>
    </ClInclude>
    <ClInclude Include="Entity.hpp">
      <Filter>Gameplay</Filter>
    </ClInclude>
    <ClInclude Include="GameCommon.hpp">
      <Filter>Gameplay</Filter>
    </ClInclude>
    <ClInclude Include="EngineBuildPreferences.hpp">
      <Filter>Gameplay</Filter>
    </ClInclude>
    <ClInclude Include="Player.hpp">
      <Filter>Gameplay</Filter>
    </ClInclude>
    <ClInclude Include="Prop.hpp">
      <Filter>Gameplay</Filter>
    </ClInclude>
    <ClInclude Include="TankProjectile.hpp">
      <Filter>Gameplay</Filter>
    </ClInclude>
    <ClInclude Include="Model.hpp">
      <Filter>Gameplay</Filter>
    </ClInclude>
    <ClInclude Include="StartScene.hpp">
      <Filter>Gameplay\Scenes</Filter>
    </ClInclude>
    <ClInclude Include="FireScene.hpp">
      <Filter>Gameplay\Scenes</Filter>
    </ClInclude>
    <ClInclude Include="TankScene.hpp">
      <Filter>Gameplay\Scenes</Filter>
    </ClInclude>
    <ClInclude Include="PerformanceScene.hpp">
      <Filter>Gameplay\Scenes</Filter>
    </ClInclude>
    <ClInclude Include="BigEffectScene.hpp">
      <Filter>Gameplay\Scenes</Filter>
    </ClInclude>
    <ClInclude Include="Scene.hpp">
      <Filter>Gameplay\Scenes</Filter>
    </ClInclude>
    <ClInclude Include="EffectScene.hpp">
      <Filter>Gameplay\Scenes</Filter>
    </ClInclude>
    <ClInclude Include="ParticleEntity.hpp">
      <Filter>Gameplay</Filter>
    </ClInclude>
  </ItemGroup>
  <ItemGroup>
    <Xml Include="..\..\Run\Data\ParticleEffects\TestEffect.xml">
      <Filter>ParticleEffects</Filter>
    </Xml>
    <Xml Include="..\..\Run\Data\Saves\ParticleEffects\Fire.xml">
      <Filter>SaveEffects</Filter>
    </Xml>
    <Xml Include="..\..\Run\Data\Saves\ParticleEffects\FireAdditive.xml">
      <Filter>SaveEffects</Filter>
    </Xml>
    <Xml Include="..\..\Run\Data\Saves\ParticleEffects\FireAdditivePan.xml">
      <Filter>SaveEffects</Filter>
    </Xml>
    <Xml Include="..\..\Run\Data\Saves\ParticleEffects\FireAlpha.xml">
      <Filter>SaveEffects</Filter>
    </Xml>
    <Xml Include="..\..\Run\Data\Saves\ParticleEffects\GlowyBlueEffect.xml">
      <Filter>SaveEffects</Filter>
    </Xml>
    <Xml Include="..\..\Run\Data\Saves\ParticleEffects\GlowyRedEffectNew.xml">
      <Filter>SaveEffects</Filter>
    </Xml>
    <Xml Include="..\..\Run\Data\Saves\ParticleEffects\New Effect.xml">
      <Filter>SaveEffects</Filter>
    </Xml>
    <Xml Include="..\..\Run\Data\Saves\ParticleEffects\TankEffect.xml">
      <Filter>SaveEffects</Filter>
    </Xml>
    <Xml Include="..\..\Run\Data\Saves\ParticleEffects\Explosion.xml">
      <Filter>SaveEffects</Filter>
    </Xml>
    <Xml Include="..\..\Run\Data\GameConfig.xml" />
  </ItemGroup>
  <ItemGroup>
    <FxCompile Include="..\..\Run\Data\Shaders\Diffuse.hlsl">
      <Filter>Shaders</Filter>
    </FxCompile>
    <FxCompile Include="..\..\Run\Data\Shaders\Phong.hlsl">
      <Filter>Shaders</Filter>
    </FxCompile>
  </ItemGroup>
</Project>