<?xml version="1.0" encoding="utf-8"?>
<Project ToolsVersion="4.0" xmlns="http://schemas.microsoft.com/developer/msbuild/2003">
  <ItemGroup>
    <Filter Include="Framework">
      <UniqueIdentifier>{4FC737F1-C7A5-4376-A066-2A32D752A2FF}</UniqueIdentifier>
      <Extensions>cpp;c;cc;cxx;c++;cppm;ixx;def;odl;idl;hpj;bat;asm;asmx</Extensions>
    </Filter>
    <Filter Include="Gameplay">
      <UniqueIdentifier>{bd6518c3-58c8-4aec-b825-b5b5e267af61}</UniqueIdentifier>
    </Filter>
    <Filter Include="Shaders">
      <UniqueIdentifier>{386c27e6-d52b-4b6b-bb11-929c7f6ff7d1}</UniqueIdentifier>
    </Filter>
    <Filter Include="GameConfig">
      <UniqueIdentifier>{176ab43f-c8d0-421f-b595-31b20a81b544}</UniqueIdentifier>
    </Filter>
    <Filter Include="Definitions">
      <UniqueIdentifier>{a991d053-cfd2-47ce-80f8-c67983b4b60f}</UniqueIdentifier>
    </Filter>
  </ItemGroup>
  <ItemGroup>
    <ClCompile Include="Main_Windows.cpp">
      <Filter>Framework</Filter>
    </ClCompile>
    <ClCompile Include="App.cpp">
      <Filter>Gameplay</Filter>
    </ClCompile>
    <ClCompile Include="Game.cpp">
      <Filter>Gameplay</Filter>
    </ClCompile>
    <ClCompile Include="Entity.cpp">
      <Filter>Gameplay</Filter>
    </ClCompile>
    <ClCompile Include="GameCommon.cpp">
      <Filter>Gameplay</Filter>
    </ClCompile>
    <ClCompile Include="Player.cpp">
      <Filter>Gameplay</Filter>
    </ClCompile>
    <ClCompile Include="Prop.cpp">
      <Filter>Gameplay</Filter>
    </ClCompile>
    <ClCompile Include="UnitDefinition.cpp">
      <Filter>Gameplay</Filter>
    </ClCompile>
    <ClCompile Include="Model.cpp">
      <Filter>Gameplay</Filter>
    </ClCompile>
    <ClCompile Include="Unit.cpp">
      <Filter>Gameplay</Filter>
    </ClCompile>
    <ClCompile Include="Widget.cpp">
      <Filter>Gameplay</Filter>
    </ClCompile>
    <ClCompile Include="DamageText.cpp">
      <Filter>Gameplay</Filter>
    </ClCompile>
  </ItemGroup>
  <ItemGroup>
    <ClInclude Include="App.hpp">
      <Filter>Gameplay</Filter>
    </ClInclude>
    <ClInclude Include="Game.hpp">
      <Filter>Gameplay</Filter>
    </ClInclude>
    <ClInclude Include="Entity.hpp">
      <Filter>Gameplay</Filter>
    </ClInclude>
    <ClInclude Include="GameCommon.hpp">
      <Filter>Gameplay</Filter>
    </ClInclude>
    <ClInclude Include="EngineBuildPreferences.hpp">
      <Filter>Gameplay</Filter>
    </ClInclude>
    <ClInclude Include="Player.hpp">
      <Filter>Gameplay</Filter>
    </ClInclude>
    <ClInclude Include="Prop.hpp">
      <Filter>Gameplay</Filter>
    </ClInclude>
    <ClInclude Include="UnitDefinition.hpp">
      <Filter>Gameplay</Filter>
    </ClInclude>
    <ClInclude Include="Model.hpp">
      <Filter>Gameplay</Filter>
    </ClInclude>
    <ClInclude Include="Unit.hpp">
      <Filter>Gameplay</Filter>
    </ClInclude>
    <ClInclude Include="Widget.hpp">
      <Filter>Gameplay</Filter>
    </ClInclude>
    <ClInclude Include="DamageText.hpp">
      <Filter>Gameplay</Filter>
    </ClInclude>
  </ItemGroup>
  <ItemGroup>
    <FxCompile Include="..\..\Run\Data\Shaders\Default.hlsl">
      <Filter>Shaders</Filter>
    </FxCompile>
    <FxCompile Include="..\..\Run\Data\Shaders\Diffuse.hlsl">
      <Filter>Shaders</Filter>
    </FxCompile>
    <FxCompile Include="..\..\Run\Data\Shaders\Phong.hlsl">
      <Filter>Shaders</Filter>
    </FxCompile>
  </ItemGroup>
  <ItemGroup>
    <Xml Include="..\..\Run\Data\GameConfig.xml">
      <Filter>GameConfig</Filter>
    </Xml>
    <Xml Include="..\..\Run\Data\GameConfig_Client.xml">
      <Filter>GameConfig</Filter>
    </Xml>
    <Xml Include="..\..\Run\Data\GameConfig_Server.xml">
      <Filter>GameConfig</Filter>
    </Xml>
    <Xml Include="..\..\Run\Data\Definitions\MapDefinitions.xml">
      <Filter>Definitions</Filter>
    </Xml>
    <Xml Include="..\..\Run\Data\Definitions\TileDefinitions.xml">
      <Filter>Definitions</Filter>
    </Xml>
  </ItemGroup>
</Project>