<?xml version="1.0" encoding="utf-8"?>
<Project ToolsVersion="4.0" xmlns="http://schemas.microsoft.com/developer/msbuild/2003">
  <ItemGroup>
    <Filter Include="Framework">
      <UniqueIdentifier>{4FC737F1-C7A5-4376-A066-2A32D752A2FF}</UniqueIdentifier>
      <Extensions>cpp;c;cc;cxx;c++;cppm;ixx;def;odl;idl;hpj;bat;asm;asmx</Extensions>
    </Filter>
    <Filter Include="Gameplay">
      <UniqueIdentifier>{bd6518c3-58c8-4aec-b825-b5b5e267af61}</UniqueIdentifier>
    </Filter>
    <Filter Include="Shaders">
      <UniqueIdentifier>{386c27e6-d52b-4b6b-bb11-929c7f6ff7d1}</UniqueIdentifier>
    </Filter>
    <Filter Include="Shaders\Sorting">
      <UniqueIdentifier>{6d2c78f6-e8bb-463e-b810-50be68cc2675}</UniqueIdentifier>
    </Filter>
    <Filter Include="Shaders\Rendering">
      <UniqueIdentifier>{ebaf280d-322a-4435-8c20-a2518967e16f}</UniqueIdentifier>
    </Filter>
    <Filter Include="Definitions">
      <UniqueIdentifier>{c73ec86b-59d1-41ce-bf0d-6f0f24be0d8a}</UniqueIdentifier>
    </Filter>
    <Filter Include="Gameplay\Scenes">
      <UniqueIdentifier>{4eb2059f-43d3-40d8-be66-882955107cc1}</UniqueIdentifier>
    </Filter>
  </ItemGroup>
  <ItemGroup>
    <ClCompile Include="Main_Windows.cpp">
      <Filter>Framework</Filter>
    </ClCompile>
    <ClCompile Include="App.cpp">
      <Filter>Gameplay</Filter>
    </ClCompile>
    <ClCompile Include="Game.cpp">
      <Filter>Gameplay</Filter>
    </ClCompile>
    <ClCompile Include="Entity.cpp">
      <Filter>Gameplay</Filter>
    </ClCompile>
    <ClCompile Include="GameCommon.cpp">
      <Filter>Gameplay</Filter>
    </ClCompile>
    <ClCompile Include="Player.cpp">
      <Filter>Gameplay</Filter>
    </ClCompile>
    <ClCompile Include="Prop.cpp">
      <Filter>Gameplay</Filter>
    </ClCompile>
    <ClCompile Include="Model.cpp">
      <Filter>Gameplay</Filter>
    </ClCompile>
    <ClCompile Include="ModelDefinition.cpp">
      <Filter>Gameplay</Filter>
    </ClCompile>
    <ClCompile Include="ActorUID.cpp">
      <Filter>Gameplay</Filter>
    </ClCompile>
    <ClCompile Include="Widget.cpp">
      <Filter>Gameplay</Filter>
    </ClCompile>
    <ClCompile Include="AIBehaviour.cpp">
      <Filter>Gameplay</Filter>
    </ClCompile>
    <ClCompile Include="Actor.cpp">
      <Filter>Gameplay</Filter>
    </ClCompile>
    <ClCompile Include="ActorDefinition.cpp">
      <Filter>Gameplay</Filter>
    </ClCompile>
    <ClCompile Include="ParticleEntity.cpp">
      <Filter>Gameplay</Filter>
    </ClCompile>
    <ClCompile Include="PlayerShip.cpp">
      <Filter>Gameplay</Filter>
    </ClCompile>
    <ClCompile Include="SteeringBehaviour.cpp">
      <Filter>Gameplay</Filter>
    </ClCompile>
    <ClCompile Include="Thrall.cpp">
      <Filter>Gameplay</Filter>
    </ClCompile>
    <ClCompile Include="Scene.cpp">
      <Filter>Gameplay\Scenes</Filter>
    </ClCompile>
    <ClCompile Include="StartScene.cpp">
      <Filter>Gameplay\Scenes</Filter>
    </ClCompile>
    <ClCompile Include="EditorScene.cpp">
      <Filter>Gameplay\Scenes</Filter>
    </ClCompile>
    <ClCompile Include="GameScene.cpp">
      <Filter>Gameplay\Scenes</Filter>
    </ClCompile>
    <ClCompile Include="EndScene.cpp">
      <Filter>Framework</Filter>
    </ClCompile>
  </ItemGroup>
  <ItemGroup>
    <ClInclude Include="App.hpp">
      <Filter>Gameplay</Filter>
    </ClInclude>
    <ClInclude Include="Game.hpp">
      <Filter>Gameplay</Filter>
    </ClInclude>
    <ClInclude Include="Entity.hpp">
      <Filter>Gameplay</Filter>
    </ClInclude>
    <ClInclude Include="GameCommon.hpp">
      <Filter>Gameplay</Filter>
    </ClInclude>
    <ClInclude Include="EngineBuildPreferences.hpp">
      <Filter>Gameplay</Filter>
    </ClInclude>
    <ClInclude Include="Player.hpp">
      <Filter>Gameplay</Filter>
    </ClInclude>
    <ClInclude Include="Prop.hpp">
      <Filter>Gameplay</Filter>
    </ClInclude>
    <ClInclude Include="Model.hpp">
      <Filter>Gameplay</Filter>
    </ClInclude>
    <ClInclude Include="PlayerShip.hpp">
      <Filter>Gameplay</Filter>
    </ClInclude>
    <ClInclude Include="ParticleEntity.hpp">
      <Filter>Gameplay</Filter>
    </ClInclude>
    <ClInclude Include="Actor.hpp">
      <Filter>Gameplay</Filter>
    </ClInclude>
    <ClInclude Include="ActorDefinition.hpp">
      <Filter>Gameplay</Filter>
    </ClInclude>
    <ClInclude Include="ModelDefinition.hpp">
      <Filter>Gameplay</Filter>
    </ClInclude>
    <ClInclude Include="ActorUID.hpp">
      <Filter>Gameplay</Filter>
    </ClInclude>
    <ClInclude Include="Thrall.hpp">
      <Filter>Gameplay</Filter>
    </ClInclude>
    <ClInclude Include="Widget.hpp">
      <Filter>Gameplay</Filter>
    </ClInclude>
    <ClInclude Include="AIBehaviour.hpp">
      <Filter>Gameplay</Filter>
    </ClInclude>
    <ClInclude Include="SteeringBehaviour.hpp">
      <Filter>Gameplay</Filter>
    </ClInclude>
    <ClInclude Include="Scene.hpp">
      <Filter>Gameplay\Scenes</Filter>
    </ClInclude>
    <ClInclude Include="StartScene.hpp">
      <Filter>Gameplay\Scenes</Filter>
    </ClInclude>
    <ClInclude Include="EditorScene.hpp">
      <Filter>Gameplay\Scenes</Filter>
    </ClInclude>
    <ClInclude Include="GameScene.hpp">
      <Filter>Gameplay\Scenes</Filter>
    </ClInclude>
    <ClInclude Include="EndScene.hpp">
      <Filter>Gameplay\Scenes</Filter>
    </ClInclude>
  </ItemGroup>
  <ItemGroup>
    <FxCompile Include="..\..\Run\Data\Shaders\ParticleSimulate.hlsl">
      <Filter>Shaders</Filter>
    </FxCompile>
    <FxCompile Include="..\..\Run\Data\Shaders\PopulateVBO.hlsl">
      <Filter>Shaders</Filter>
    </FxCompile>
    <FxCompile Include="..\..\Run\Data\Shaders\ParticleEmit.hlsl">
      <Filter>Shaders</Filter>
    </FxCompile>
    <FxCompile Include="..\..\Run\Data\Shaders\ParticleCommon.h">
      <Filter>Shaders</Filter>
    </FxCompile>
    <FxCompile Include="..\..\Run\Data\Shaders\InitializeResources.hlsl">
      <Filter>Shaders</Filter>
    </FxCompile>
    <FxCompile Include="..\..\Run\Data\Shaders\ResetCounter.hlsl">
      <Filter>Shaders</Filter>
    </FxCompile>
    <FxCompile Include="..\..\Run\Data\Shaders\RNG.h">
      <Filter>Shaders</Filter>
    </FxCompile>
    <FxCompile Include="..\..\Run\Data\Shaders\Math.h">
      <Filter>Shaders</Filter>
    </FxCompile>
    <FxCompile Include="..\..\Run\Data\Shaders\AMD_SortCS.hlsl">
      <Filter>Shaders\Sorting</Filter>
    </FxCompile>
    <FxCompile Include="..\..\Run\Data\Shaders\AMD_SortInnerCS.hlsl">
      <Filter>Shaders\Sorting</Filter>
    </FxCompile>
    <FxCompile Include="..\..\Run\Data\Shaders\AMD_SortStepCS.hlsl">
      <Filter>Shaders\Sorting</Filter>
    </FxCompile>
    <FxCompile Include="..\..\Run\Data\Shaders\KickoffSort.hlsl">
      <Filter>Shaders\Sorting</Filter>
    </FxCompile>
    <FxCompile Include="..\..\Run\Data\Shaders\Default.hlsl">
      <Filter>Shaders\Rendering</Filter>
    </FxCompile>
    <FxCompile Include="..\..\Run\Data\Shaders\BlurDown.hlsl">
      <Filter>Shaders\Rendering</Filter>
    </FxCompile>
    <FxCompile Include="..\..\Run\Data\Shaders\BlurUp.hlsl">
      <Filter>Shaders\Rendering</Filter>
    </FxCompile>
    <FxCompile Include="..\..\Run\Data\Shaders\Composite.hlsl">
      <Filter>Shaders\Rendering</Filter>
    </FxCompile>
    <FxCompile Include="..\..\Run\Data\Shaders\Phong.hlsl">
      <Filter>Shaders\Rendering</Filter>
    </FxCompile>
    <FxCompile Include="..\..\Run\Data\Shaders\Emissive.hlsl">
      <Filter>Shaders\Rendering</Filter>
    </FxCompile>
    <FxCompile Include="..\..\Run\Data\Shaders\CompositePass.hlsl">
      <Filter>Shaders\Rendering</Filter>
    </FxCompile>
    <FxCompile Include="..\..\Run\Data\Shaders\OITEmissive.hlsl">
      <Filter>Shaders\Rendering</Filter>
    </FxCompile>
    <FxCompile Include="..\..\Run\Data\Shaders\BasicCompute11.hlsl">
      <Filter>Shaders</Filter>
    </FxCompile>
    <FxCompile Include="..\..\Run\Data\Shaders\CompositeHDR.hlsl">
      <Filter>Shaders\Rendering</Filter>
    </FxCompile>
  </ItemGroup>
  <ItemGroup>
    <Xml Include="..\..\Run\Data\GameConfig.xml" />
    <Xml Include="..\..\Run\Data\Definitions\ActorDefinitions.xml">
      <Filter>Definitions</Filter>
    </Xml>
    <Xml Include="..\..\Run\Data\Definitions\EnemySpawner.xml">
      <Filter>Definitions</Filter>
    </Xml>
    <Xml Include="..\..\Run\Data\Definitions\ActorDefinitions_Fast.xml">
      <Filter>Definitions</Filter>
    </Xml>
    <Xml Include="..\..\Run\Data\Definitions\PlayerStats.xml">
      <Filter>Definitions</Filter>
    </Xml>
  </ItemGroup>
</Project>